{"eslint-scope@^5.0.0":{"Version":"5.1.1","Url":"https://registry.npmjs.org/eslint-scope/-/eslint-scope-5.1.1.tgz","Shasum":"e786e59a66cb92b3f6c1fb0d508aab174848f48c","Dependencies":{"esrecurse":"^4.3.0","estraverse":"^4.1.1"}},"esrecurse@^4.3.0":{"Version":"4.3.0","Url":"https://registry.npmjs.org/esrecurse/-/esrecurse-4.3.0.tgz","Shasum":"7ad7964d679abb28bee72cec63758b1c5d2c9921","Dependencies":{"estraverse":"^5.2.0"}},"estraverse@^3.0.0":{"Version":"3.1.0","Url":"https://registry.npmjs.org/estraverse/-/estraverse-3.1.0.tgz","Shasum":"15e28a446b8b82bc700ccc8b96c78af4da0d6cba","Dependencies":null},"estraverse@^4.1.1":{"Version":"4.3.0","Url":"https://registry.npmjs.org/estraverse/-/estraverse-4.3.0.tgz","Shasum":"398ad3f3c5a24948be7725e83d11a7de28cdbd1d","Dependencies":null},"estraverse@^5.2.0":{"Version":"5.3.0","Url":"https://registry.npmjs.org/estraverse/-/estraverse-5.3.0.tgz","Shasum":"2eea5290702f26ab8fe5370370ff86c965d21123","Dependencies":null}}